
Microsoft Visual Studio Solution File, Format Version 12.00
# Visual Studio Version 17
VisualStudioVersion = 17.3.32929.385
MinimumVisualStudioVersion = 10.0.40219.1
Project("{9A19103F-16F7-4668-BE54-9A1E7A4F7556}") = "Exercicio09.Api", "Exercicio09.Api\Exercicio09.Api.csproj", "{802054A2-B191-471F-A998-287D7922013F}"
EndProject
Project("{9A19103F-16F7-4668-BE54-9A1E7A4F7556}") = "Exercicio09.Domain", "Exercicio09.Domain\Exercicio09.Domain.csproj", "{669AE442-E4BE-4C1D-BE46-6871B426970D}"
EndProject
Project("{9A19103F-16F7-4668-BE54-9A1E7A4F7556}") = "Exercicio09.Infrastructure", "Exercicio09.Infrastructure\Exercicio09.Infrastructure.csproj", "{4ADDD6FF-822B-4A27-B68F-7BBCF7C1EB41}"
EndProject
Project("{FAE04EC0-301F-11D3-BF4B-00C04F79EFBC}") = "Exercicio09.Test", "Exercicio09.Test\Exercicio09.Test.csproj", "{79D9D9B1-6764-46C1-AE5C-B2EA5E18F0F2}"
EndProject
Global
	GlobalSection(SolutionConfigurationPlatforms) = preSolution
		Debug|Any CPU = Debug|Any CPU
		Release|Any CPU = Release|Any CPU
	EndGlobalSection
	GlobalSection(ProjectConfigurationPlatforms) = postSolution
		{802054A2-B191-471F-A998-287D7922013F}.Debug|Any CPU.ActiveCfg = Debug|Any CPU
		{802054A2-B191-471F-A998-287D7922013F}.Debug|Any CPU.Build.0 = Debug|Any CPU
		{802054A2-B191-471F-A998-287D7922013F}.Release|Any CPU.ActiveCfg = Release|Any CPU
		{802054A2-B191-471F-A998-287D7922013F}.Release|Any CPU.Build.0 = Release|Any CPU
		{669AE442-E4BE-4C1D-BE46-6871B426970D}.Debug|Any CPU.ActiveCfg = Debug|Any CPU
		{669AE442-E4BE-4C1D-BE46-6871B426970D}.Debug|Any CPU.Build.0 = Debug|Any CPU
		{669AE442-E4BE-4C1D-BE46-6871B426970D}.Release|Any CPU.ActiveCfg = Release|Any CPU
		{669AE442-E4BE-4C1D-BE46-6871B426970D}.Release|Any CPU.Build.0 = Release|Any CPU
		{4ADDD6FF-822B-4A27-B68F-7BBCF7C1EB41}.Debug|Any CPU.ActiveCfg = Debug|Any CPU
		{4ADDD6FF-822B-4A27-B68F-7BBCF7C1EB41}.Debug|Any CPU.Build.0 = Debug|Any CPU
		{4ADDD6FF-822B-4A27-B68F-7BBCF7C1EB41}.Release|Any CPU.ActiveCfg = Release|Any CPU
		{4ADDD6FF-822B-4A27-B68F-7BBCF7C1EB41}.Release|Any CPU.Build.0 = Release|Any CPU
		{79D9D9B1-6764-46C1-AE5C-B2EA5E18F0F2}.Debug|Any CPU.ActiveCfg = Debug|Any CPU
		{79D9D9B1-6764-46C1-AE5C-B2EA5E18F0F2}.Debug|Any CPU.Build.0 = Debug|Any CPU
		{79D9D9B1-6764-46C1-AE5C-B2EA5E18F0F2}.Release|Any CPU.ActiveCfg = Release|Any CPU
		{79D9D9B1-6764-46C1-AE5C-B2EA5E18F0F2}.Release|Any CPU.Build.0 = Release|Any CPU
	EndGlobalSection
	GlobalSection(SolutionProperties) = preSolution
		HideSolutionNode = FALSE
	EndGlobalSection
	GlobalSection(ExtensibilityGlobals) = postSolution
		SolutionGuid = {D3074B83-0B99-4A6A-819F-B1B2CE53C5F9}
	EndGlobalSection
EndGlobal
